
Microsoft Visual Studio Solution File, Format Version 12.00
# Visual Studio Version 17
VisualStudioVersion = 17.10.35122.118
MinimumVisualStudioVersion = 10.0.40219.1
Project("{9A19103F-16F7-4668-BE54-9A1E7A4F7556}") = "Demo", "Demo\Demo.csproj", "{C2627DEE-AC16-4AE3-9A6A-D2FE2E2D3FA8}"
EndProject
Project("{9A19103F-16F7-4668-BE54-9A1E7A4F7556}") = "Myras", "Myras\Myras.csproj", "{C68A8D29-68B9-4958-8CD1-340E68378323}"
EndProject
Project("{9A19103F-16F7-4668-BE54-9A1E7A4F7556}") = "MyrasTest", "MyrasTest\MyrasTest.csproj", "{918AA280-EC4A-470E-AFE7-3F29002A4AAC}"
EndProject
Project("{9A19103F-16F7-4668-BE54-9A1E7A4F7556}") = "Commons", "Commons\Commons.csproj", "{6F835E9F-DC63-49EA-ACC4-1B7F22BCE76A}"
EndProject
Project("{9A19103F-16F7-4668-BE54-9A1E7A4F7556}") = "CommonsWpf", "CommonsWpf\CommonsWpf.csproj", "{8CDACCB2-C4DB-49FC-91ED-F8F7CF7691B8}"
EndProject
Project("{FAE04EC0-301F-11D3-BF4B-00C04F79EFBC}") = "Mnist", "Mnist\Mnist.csproj", "{8287AFCF-D7D4-49F8-9208-33FDC95F71B7}"
EndProject
Project("{FAE04EC0-301F-11D3-BF4B-00C04F79EFBC}") = "MnistLib", "MnistLib\MnistLib.csproj", "{EA3D2A9F-17C4-484A-9464-1A0F64C13BA0}"
EndProject
Project("{FAE04EC0-301F-11D3-BF4B-00C04F79EFBC}") = "MnistLibWpf", "MnistLibWpf\MnistLibWpf.csproj", "{75F15126-87B2-41A5-B5E3-33475BF2C0CF}"
EndProject
Global
	GlobalSection(SolutionConfigurationPlatforms) = preSolution
		Debug|Any CPU = Debug|Any CPU
		Release|Any CPU = Release|Any CPU
	EndGlobalSection
	GlobalSection(ProjectConfigurationPlatforms) = postSolution
		{C2627DEE-AC16-4AE3-9A6A-D2FE2E2D3FA8}.Debug|Any CPU.ActiveCfg = Debug|Any CPU
		{C2627DEE-AC16-4AE3-9A6A-D2FE2E2D3FA8}.Debug|Any CPU.Build.0 = Debug|Any CPU
		{C2627DEE-AC16-4AE3-9A6A-D2FE2E2D3FA8}.Release|Any CPU.ActiveCfg = Release|Any CPU
		{C2627DEE-AC16-4AE3-9A6A-D2FE2E2D3FA8}.Release|Any CPU.Build.0 = Release|Any CPU
		{C68A8D29-68B9-4958-8CD1-340E68378323}.Debug|Any CPU.ActiveCfg = Debug|Any CPU
		{C68A8D29-68B9-4958-8CD1-340E68378323}.Debug|Any CPU.Build.0 = Debug|Any CPU
		{C68A8D29-68B9-4958-8CD1-340E68378323}.Release|Any CPU.ActiveCfg = Release|Any CPU
		{C68A8D29-68B9-4958-8CD1-340E68378323}.Release|Any CPU.Build.0 = Release|Any CPU
		{918AA280-EC4A-470E-AFE7-3F29002A4AAC}.Debug|Any CPU.ActiveCfg = Debug|Any CPU
		{918AA280-EC4A-470E-AFE7-3F29002A4AAC}.Debug|Any CPU.Build.0 = Debug|Any CPU
		{918AA280-EC4A-470E-AFE7-3F29002A4AAC}.Release|Any CPU.ActiveCfg = Release|Any CPU
		{918AA280-EC4A-470E-AFE7-3F29002A4AAC}.Release|Any CPU.Build.0 = Release|Any CPU
		{6F835E9F-DC63-49EA-ACC4-1B7F22BCE76A}.Debug|Any CPU.ActiveCfg = Debug|Any CPU
		{6F835E9F-DC63-49EA-ACC4-1B7F22BCE76A}.Debug|Any CPU.Build.0 = Debug|Any CPU
		{6F835E9F-DC63-49EA-ACC4-1B7F22BCE76A}.Release|Any CPU.ActiveCfg = Release|Any CPU
		{6F835E9F-DC63-49EA-ACC4-1B7F22BCE76A}.Release|Any CPU.Build.0 = Release|Any CPU
		{8CDACCB2-C4DB-49FC-91ED-F8F7CF7691B8}.Debug|Any CPU.ActiveCfg = Debug|Any CPU
		{8CDACCB2-C4DB-49FC-91ED-F8F7CF7691B8}.Debug|Any CPU.Build.0 = Debug|Any CPU
		{8CDACCB2-C4DB-49FC-91ED-F8F7CF7691B8}.Release|Any CPU.ActiveCfg = Release|Any CPU
		{8CDACCB2-C4DB-49FC-91ED-F8F7CF7691B8}.Release|Any CPU.Build.0 = Release|Any CPU
		{8287AFCF-D7D4-49F8-9208-33FDC95F71B7}.Debug|Any CPU.ActiveCfg = Debug|Any CPU
		{8287AFCF-D7D4-49F8-9208-33FDC95F71B7}.Debug|Any CPU.Build.0 = Debug|Any CPU
		{8287AFCF-D7D4-49F8-9208-33FDC95F71B7}.Release|Any CPU.ActiveCfg = Release|Any CPU
		{8287AFCF-D7D4-49F8-9208-33FDC95F71B7}.Release|Any CPU.Build.0 = Release|Any CPU
		{EA3D2A9F-17C4-484A-9464-1A0F64C13BA0}.Debug|Any CPU.ActiveCfg = Debug|Any CPU
		{EA3D2A9F-17C4-484A-9464-1A0F64C13BA0}.Debug|Any CPU.Build.0 = Debug|Any CPU
		{EA3D2A9F-17C4-484A-9464-1A0F64C13BA0}.Release|Any CPU.ActiveCfg = Release|Any CPU
		{EA3D2A9F-17C4-484A-9464-1A0F64C13BA0}.Release|Any CPU.Build.0 = Release|Any CPU
		{75F15126-87B2-41A5-B5E3-33475BF2C0CF}.Debug|Any CPU.ActiveCfg = Debug|Any CPU
		{75F15126-87B2-41A5-B5E3-33475BF2C0CF}.Debug|Any CPU.Build.0 = Debug|Any CPU
		{75F15126-87B2-41A5-B5E3-33475BF2C0CF}.Release|Any CPU.ActiveCfg = Release|Any CPU
		{75F15126-87B2-41A5-B5E3-33475BF2C0CF}.Release|Any CPU.Build.0 = Release|Any CPU
	EndGlobalSection
	GlobalSection(SolutionProperties) = preSolution
		HideSolutionNode = FALSE
	EndGlobalSection
	GlobalSection(ExtensibilityGlobals) = postSolution
		SolutionGuid = {FD4381A2-5466-4C04-845B-FC2645FF15F5}
	EndGlobalSection
EndGlobal
